
Microsoft Visual Studio Solution File, Format Version 12.00
# Visual Studio 15
VisualStudioVersion = 15.0.27004.2010
MinimumVisualStudioVersion = 10.0.40219.1
Project("{9A19103F-16F7-4668-BE54-9A1E7A4F7556}") = "ToDoNetCore", "ToDoNetCore\ToDoNetCore.csproj", "{200E7936-9524-4E0F-BDF8-A3357BB55024}"
EndProject
Global
	GlobalSection(SolutionConfigurationPlatforms) = preSolution
		Debug|Any CPU = Debug|Any CPU
		Debug|x64 = Debug|x64
		Release|Any CPU = Release|Any CPU
		Release|x64 = Release|x64
	EndGlobalSection
	GlobalSection(ProjectConfigurationPlatforms) = postSolution
		{200E7936-9524-4E0F-BDF8-A3357BB55024}.Debug|Any CPU.ActiveCfg = Debug|Any CPU
		{200E7936-9524-4E0F-BDF8-A3357BB55024}.Debug|Any CPU.Build.0 = Debug|Any CPU
		{200E7936-9524-4E0F-BDF8-A3357BB55024}.Debug|x64.ActiveCfg = Debug|x64
		{200E7936-9524-4E0F-BDF8-A3357BB55024}.Debug|x64.Build.0 = Debug|x64
		{200E7936-9524-4E0F-BDF8-A3357BB55024}.Release|Any CPU.ActiveCfg = Release|Any CPU
		{200E7936-9524-4E0F-BDF8-A3357BB55024}.Release|Any CPU.Build.0 = Release|Any CPU
		{200E7936-9524-4E0F-BDF8-A3357BB55024}.Release|x64.ActiveCfg = Release|x64
		{200E7936-9524-4E0F-BDF8-A3357BB55024}.Release|x64.Build.0 = Release|x64
	EndGlobalSection
	GlobalSection(SolutionProperties) = preSolution
		HideSolutionNode = FALSE
	EndGlobalSection
	GlobalSection(ExtensibilityGlobals) = postSolution
		SolutionGuid = {8CD9BB99-B9B1-4CF4-972A-8F5AD76C2F07}
	EndGlobalSection
EndGlobal
